{
  "requires": true,
  "lockfileVersion": 1,
  "dependencies": {
    "@angular/animations": {
      "version": "11.2.8",
      "resolved": "https://registry.npmjs.org/@angular/animations/-/animations-11.2.8.tgz",
      "integrity": "sha512-fYPXO8xgMYEpIc19o5B2f8U3BCmElQf4n/lIvVk9gky8CF5alSlClbbTe31orWDwGiqUnWkHWDZvCwi2C2Srvw==",
      "requires": {
        "tslib": "^2.0.0"
      }
    },
    "@angular/material": {
      "version": "11.2.7",
      "resolved": "https://registry.npmjs.org/@angular/material/-/material-11.2.7.tgz",
      "integrity": "sha512-mNIGKxBzZGlOEezprInTiQIwktiz9XSJuxZ2fp6rtJ7jqpSrUprCwBECRl6X62JWrDVwIFTDQO1FxS3mrBIZ2Q==",
      "requires": {
        "tslib": "^2.0.0"
      }
    },
    "tslib": {
      "version": "2.1.0",
      "resolved": "https://registry.npmjs.org/tslib/-/tslib-2.1.0.tgz",
      "integrity": "sha512-hcVC3wYEziELGGmEEXue7D75zbwIIVUMWAVbHItGPx0ziyXxrOMQx4rQEVEV45Ut/1IotuEvwqPopzIOkDMf0A=="
    }
  }
}
